
Microsoft Visual Studio Solution File, Format Version 12.00
# Visual Studio Version 16
VisualStudioVersion = 25.0.1700.6
MinimumVisualStudioVersion = 10.0.40219.1
Project("{FAE04EC0-301F-11D3-BF4B-00C04F79EFBC}") = "ClockingApp", "ClockingApp\ClockingApp.csproj", "{FEEE0DCA-3597-4FC8-BEA3-2F4562F2223C}"
EndProject
Global
	GlobalSection(SolutionConfigurationPlatforms) = preSolution
		Debug|Any CPU = Debug|Any CPU
		Release|Any CPU = Release|Any CPU
	EndGlobalSection
	GlobalSection(ProjectConfigurationPlatforms) = postSolution
		{FEEE0DCA-3597-4FC8-BEA3-2F4562F2223C}.Debug|Any CPU.ActiveCfg = Debug|Any CPU
		{FEEE0DCA-3597-4FC8-BEA3-2F4562F2223C}.Debug|Any CPU.Build.0 = Debug|Any CPU
		{FEEE0DCA-3597-4FC8-BEA3-2F4562F2223C}.Release|Any CPU.ActiveCfg = Release|Any CPU
		{FEEE0DCA-3597-4FC8-BEA3-2F4562F2223C}.Release|Any CPU.Build.0 = Release|Any CPU
	EndGlobalSection
	GlobalSection(SolutionProperties) = preSolution
		HideSolutionNode = FALSE
	EndGlobalSection
	GlobalSection(ExtensibilityGlobals) = postSolution
		SolutionGuid = {9CD9277D-A171-499F-B119-E0CCA4607175}
	EndGlobalSection
EndGlobal
